
Microsoft Visual Studio Solution File, Format Version 12.00
# Visual Studio Version 16
VisualStudioVersion = 16.0.31005.135
MinimumVisualStudioVersion = 10.0.40219.1
Project("{9A19103F-16F7-4668-BE54-9A1E7A4F7556}") = "CampIntro", "CampIntro\CampIntro.csproj", "{59A3B10F-51CC-4AE7-9EA4-61298279FE18}"
EndProject
Project("{9A19103F-16F7-4668-BE54-9A1E7A4F7556}") = "Loops", "Loops\Loops.csproj", "{71E06759-06E6-48A9-806C-3C340FFB18BB}"
EndProject
Project("{9A19103F-16F7-4668-BE54-9A1E7A4F7556}") = "ClassIntro", "ClassIntro\ClassIntro.csproj", "{80B19059-C8F2-41CE-998E-E16B25AA7D94}"
EndProject
Project("{9A19103F-16F7-4668-BE54-9A1E7A4F7556}") = "Methods", "Methods\Methods.csproj", "{68F34C4F-493E-49ED-95FA-FBE7A47897C8}"
EndProject
Project("{9A19103F-16F7-4668-BE54-9A1E7A4F7556}") = "Matematik", "Matematik\Matematik.csproj", "{E7D5A264-3953-444D-9CB3-9B46E5D1E6E8}"
EndProject
Project("{9A19103F-16F7-4668-BE54-9A1E7A4F7556}") = "DegerVeReferansTipler", "DegerVeReferansTipler\DegerVeReferansTipler.csproj", "{6C55B371-B852-4B9C-9622-35F40A879D7D}"
EndProject
Project("{9A19103F-16F7-4668-BE54-9A1E7A4F7556}") = "Day3Homework", "Day3Homework\Day3Homework.csproj", "{C436B834-ADE1-4EFD-8428-D06DEB73D9BA}"
EndProject
Project("{9A19103F-16F7-4668-BE54-9A1E7A4F7556}") = "ClassMetotDemo", "ClassMetotDemo\ClassMetotDemo.csproj", "{DDACE989-8627-4543-AC6A-B184FD525933}"
EndProject
Project("{9A19103F-16F7-4668-BE54-9A1E7A4F7556}") = "OOP1", "OOP1\OOP1.csproj", "{C3FF0AFE-99B2-4A17-B4E9-1C532A815786}"
EndProject
Project("{9A19103F-16F7-4668-BE54-9A1E7A4F7556}") = "Collections", "Collections\Collections.csproj", "{1F88401C-4FF6-4AA3-9A20-369961D2E057}"
EndProject
Project("{9A19103F-16F7-4668-BE54-9A1E7A4F7556}") = "GenericsIntro", "GenericsIntro\GenericsIntro.csproj", "{9DFC7F0D-7484-4B9C-B4D6-E96D55AAA71B}"
EndProject
Project("{9A19103F-16F7-4668-BE54-9A1E7A4F7556}") = "Generics", "Generics\Generics.csproj", "{D7AF0626-593B-4180-AC52-F6FF56700E4B}"
EndProject
Project("{9A19103F-16F7-4668-BE54-9A1E7A4F7556}") = "Opp2", "Opp2\Opp2.csproj", "{1F0A0E48-8E76-4A5C-AA77-FF6288D3CA15}"
EndProject
Project("{9A19103F-16F7-4668-BE54-9A1E7A4F7556}") = "Opp3", "Opp3\Opp3.csproj", "{77255BA1-947A-4FF9-BAFB-8EBA4AA744B1}"
EndProject
Project("{FAE04EC0-301F-11D3-BF4B-00C04F79EFBC}") = "ObjectOrientedTest", "ObjectOrientedTest\ObjectOrientedTest.csproj", "{A22C0FDE-2A44-48C4-94C6-823FC8AC30B8}"
EndProject
Global
	GlobalSection(SolutionConfigurationPlatforms) = preSolution
		Debug|Any CPU = Debug|Any CPU
		Release|Any CPU = Release|Any CPU
	EndGlobalSection
	GlobalSection(ProjectConfigurationPlatforms) = postSolution
		{59A3B10F-51CC-4AE7-9EA4-61298279FE18}.Debug|Any CPU.ActiveCfg = Debug|Any CPU
		{59A3B10F-51CC-4AE7-9EA4-61298279FE18}.Debug|Any CPU.Build.0 = Debug|Any CPU
		{59A3B10F-51CC-4AE7-9EA4-61298279FE18}.Release|Any CPU.ActiveCfg = Release|Any CPU
		{59A3B10F-51CC-4AE7-9EA4-61298279FE18}.Release|Any CPU.Build.0 = Release|Any CPU
		{71E06759-06E6-48A9-806C-3C340FFB18BB}.Debug|Any CPU.ActiveCfg = Debug|Any CPU
		{71E06759-06E6-48A9-806C-3C340FFB18BB}.Debug|Any CPU.Build.0 = Debug|Any CPU
		{71E06759-06E6-48A9-806C-3C340FFB18BB}.Release|Any CPU.ActiveCfg = Release|Any CPU
		{71E06759-06E6-48A9-806C-3C340FFB18BB}.Release|Any CPU.Build.0 = Release|Any CPU
		{80B19059-C8F2-41CE-998E-E16B25AA7D94}.Debug|Any CPU.ActiveCfg = Debug|Any CPU
		{80B19059-C8F2-41CE-998E-E16B25AA7D94}.Debug|Any CPU.Build.0 = Debug|Any CPU
		{80B19059-C8F2-41CE-998E-E16B25AA7D94}.Release|Any CPU.ActiveCfg = Release|Any CPU
		{80B19059-C8F2-41CE-998E-E16B25AA7D94}.Release|Any CPU.Build.0 = Release|Any CPU
		{68F34C4F-493E-49ED-95FA-FBE7A47897C8}.Debug|Any CPU.ActiveCfg = Debug|Any CPU
		{68F34C4F-493E-49ED-95FA-FBE7A47897C8}.Debug|Any CPU.Build.0 = Debug|Any CPU
		{68F34C4F-493E-49ED-95FA-FBE7A47897C8}.Release|Any CPU.ActiveCfg = Release|Any CPU
		{68F34C4F-493E-49ED-95FA-FBE7A47897C8}.Release|Any CPU.Build.0 = Release|Any CPU
		{E7D5A264-3953-444D-9CB3-9B46E5D1E6E8}.Debug|Any CPU.ActiveCfg = Debug|Any CPU
		{E7D5A264-3953-444D-9CB3-9B46E5D1E6E8}.Debug|Any CPU.Build.0 = Debug|Any CPU
		{E7D5A264-3953-444D-9CB3-9B46E5D1E6E8}.Release|Any CPU.ActiveCfg = Release|Any CPU
		{E7D5A264-3953-444D-9CB3-9B46E5D1E6E8}.Release|Any CPU.Build.0 = Release|Any CPU
		{6C55B371-B852-4B9C-9622-35F40A879D7D}.Debug|Any CPU.ActiveCfg = Debug|Any CPU
		{6C55B371-B852-4B9C-9622-35F40A879D7D}.Debug|Any CPU.Build.0 = Debug|Any CPU
		{6C55B371-B852-4B9C-9622-35F40A879D7D}.Release|Any CPU.ActiveCfg = Release|Any CPU
		{6C55B371-B852-4B9C-9622-35F40A879D7D}.Release|Any CPU.Build.0 = Release|Any CPU
		{C436B834-ADE1-4EFD-8428-D06DEB73D9BA}.Debug|Any CPU.ActiveCfg = Debug|Any CPU
		{C436B834-ADE1-4EFD-8428-D06DEB73D9BA}.Debug|Any CPU.Build.0 = Debug|Any CPU
		{C436B834-ADE1-4EFD-8428-D06DEB73D9BA}.Release|Any CPU.ActiveCfg = Release|Any CPU
		{C436B834-ADE1-4EFD-8428-D06DEB73D9BA}.Release|Any CPU.Build.0 = Release|Any CPU
		{DDACE989-8627-4543-AC6A-B184FD525933}.Debug|Any CPU.ActiveCfg = Debug|Any CPU
		{DDACE989-8627-4543-AC6A-B184FD525933}.Debug|Any CPU.Build.0 = Debug|Any CPU
		{DDACE989-8627-4543-AC6A-B184FD525933}.Release|Any CPU.ActiveCfg = Release|Any CPU
		{DDACE989-8627-4543-AC6A-B184FD525933}.Release|Any CPU.Build.0 = Release|Any CPU
		{C3FF0AFE-99B2-4A17-B4E9-1C532A815786}.Debug|Any CPU.ActiveCfg = Debug|Any CPU
		{C3FF0AFE-99B2-4A17-B4E9-1C532A815786}.Debug|Any CPU.Build.0 = Debug|Any CPU
		{C3FF0AFE-99B2-4A17-B4E9-1C532A815786}.Release|Any CPU.ActiveCfg = Release|Any CPU
		{C3FF0AFE-99B2-4A17-B4E9-1C532A815786}.Release|Any CPU.Build.0 = Release|Any CPU
		{1F88401C-4FF6-4AA3-9A20-369961D2E057}.Debug|Any CPU.ActiveCfg = Debug|Any CPU
		{1F88401C-4FF6-4AA3-9A20-369961D2E057}.Debug|Any CPU.Build.0 = Debug|Any CPU
		{1F88401C-4FF6-4AA3-9A20-369961D2E057}.Release|Any CPU.ActiveCfg = Release|Any CPU
		{1F88401C-4FF6-4AA3-9A20-369961D2E057}.Release|Any CPU.Build.0 = Release|Any CPU
		{9DFC7F0D-7484-4B9C-B4D6-E96D55AAA71B}.Debug|Any CPU.ActiveCfg = Debug|Any CPU
		{9DFC7F0D-7484-4B9C-B4D6-E96D55AAA71B}.Debug|Any CPU.Build.0 = Debug|Any CPU
		{9DFC7F0D-7484-4B9C-B4D6-E96D55AAA71B}.Release|Any CPU.ActiveCfg = Release|Any CPU
		{9DFC7F0D-7484-4B9C-B4D6-E96D55AAA71B}.Release|Any CPU.Build.0 = Release|Any CPU
		{D7AF0626-593B-4180-AC52-F6FF56700E4B}.Debug|Any CPU.ActiveCfg = Debug|Any CPU
		{D7AF0626-593B-4180-AC52-F6FF56700E4B}.Debug|Any CPU.Build.0 = Debug|Any CPU
		{D7AF0626-593B-4180-AC52-F6FF56700E4B}.Release|Any CPU.ActiveCfg = Release|Any CPU
		{D7AF0626-593B-4180-AC52-F6FF56700E4B}.Release|Any CPU.Build.0 = Release|Any CPU
		{1F0A0E48-8E76-4A5C-AA77-FF6288D3CA15}.Debug|Any CPU.ActiveCfg = Debug|Any CPU
		{1F0A0E48-8E76-4A5C-AA77-FF6288D3CA15}.Debug|Any CPU.Build.0 = Debug|Any CPU
		{1F0A0E48-8E76-4A5C-AA77-FF6288D3CA15}.Release|Any CPU.ActiveCfg = Release|Any CPU
		{1F0A0E48-8E76-4A5C-AA77-FF6288D3CA15}.Release|Any CPU.Build.0 = Release|Any CPU
		{77255BA1-947A-4FF9-BAFB-8EBA4AA744B1}.Debug|Any CPU.ActiveCfg = Debug|Any CPU
		{77255BA1-947A-4FF9-BAFB-8EBA4AA744B1}.Debug|Any CPU.Build.0 = Debug|Any CPU
		{77255BA1-947A-4FF9-BAFB-8EBA4AA744B1}.Release|Any CPU.ActiveCfg = Release|Any CPU
		{77255BA1-947A-4FF9-BAFB-8EBA4AA744B1}.Release|Any CPU.Build.0 = Release|Any CPU
		{A22C0FDE-2A44-48C4-94C6-823FC8AC30B8}.Debug|Any CPU.ActiveCfg = Debug|Any CPU
		{A22C0FDE-2A44-48C4-94C6-823FC8AC30B8}.Debug|Any CPU.Build.0 = Debug|Any CPU
		{A22C0FDE-2A44-48C4-94C6-823FC8AC30B8}.Release|Any CPU.ActiveCfg = Release|Any CPU
		{A22C0FDE-2A44-48C4-94C6-823FC8AC30B8}.Release|Any CPU.Build.0 = Release|Any CPU
	EndGlobalSection
	GlobalSection(SolutionProperties) = preSolution
		HideSolutionNode = FALSE
	EndGlobalSection
	GlobalSection(ExtensibilityGlobals) = postSolution
		SolutionGuid = {1172A910-1699-48BE-B92A-AF9795321595}
	EndGlobalSection
EndGlobal
